
Microsoft Visual Studio Solution File, Format Version 12.00
# Visual Studio 15
VisualStudioVersion = 15.0.27201.1
MinimumVisualStudioVersion = 10.0.40219.1
Project("{FAE04EC0-301F-11D3-BF4B-00C04F79EFBC}") = "FunctionsHandOnLab", "FunctionsHandOnLab\FunctionsHandOnLab.csproj", "{A89BBDF2-3EEF-4CCF-831C-23ADCC4E8F5A}"
EndProject
Global
	GlobalSection(SolutionConfigurationPlatforms) = preSolution
		Debug|Any CPU = Debug|Any CPU
		Release|Any CPU = Release|Any CPU
	EndGlobalSection
	GlobalSection(ProjectConfigurationPlatforms) = postSolution
		{A89BBDF2-3EEF-4CCF-831C-23ADCC4E8F5A}.Debug|Any CPU.ActiveCfg = Debug|Any CPU
		{A89BBDF2-3EEF-4CCF-831C-23ADCC4E8F5A}.Debug|Any CPU.Build.0 = Debug|Any CPU
		{A89BBDF2-3EEF-4CCF-831C-23ADCC4E8F5A}.Release|Any CPU.ActiveCfg = Release|Any CPU
		{A89BBDF2-3EEF-4CCF-831C-23ADCC4E8F5A}.Release|Any CPU.Build.0 = Release|Any CPU
	EndGlobalSection
	GlobalSection(SolutionProperties) = preSolution
		HideSolutionNode = FALSE
	EndGlobalSection
	GlobalSection(ExtensibilityGlobals) = postSolution
		SolutionGuid = {9BBBC049-C41B-4B32-9CE9-61D76E7676D0}
	EndGlobalSection
EndGlobal
